// !$*UTF8*$!
{
	archiveVersion = 1;
	classes = {
	};
	objectVersion = 46;
	objects = {

/* Begin PBXBuildFile section */
		433A0F071D8F3A5200F64CA4 /* Ball.swift in Sources */ = {isa = PBXBuildFile; fileRef = 433A0F061D8F3A5200F64CA4 /* Ball.swift */; };
		433A0F101D8F425400F64CA4 /* ball.png in Resources */ = {isa = PBXBuildFile; fileRef = 433A0F0F1D8F425400F64CA4 /* ball.png */; };
		43DF8DAE1D76742000F7C9C0 /* SoccerSceneViewController.swift in Sources */ = {isa = PBXBuildFile; fileRef = 43DF8DAD1D76742000F7C9C0 /* SoccerSceneViewController.swift */; };
		43DF8DB41D77996E00F7C9C0 /* MainMenuScene.swift in Sources */ = {isa = PBXBuildFile; fileRef = 43DF8DB31D77996E00F7C9C0 /* MainMenuScene.swift */; };
		43DF8DB71D77ABBC00F7C9C0 /* PhysicalObject.swift in Sources */ = {isa = PBXBuildFile; fileRef = 43DF8DB61D77ABBC00F7C9C0 /* PhysicalObject.swift */; };
		43DF8DB91D77B0F700F7C9C0 /* PhysicsHandler.swift in Sources */ = {isa = PBXBuildFile; fileRef = 43DF8DB81D77B0F700F7C9C0 /* PhysicsHandler.swift */; };
		43DF8DBB1D77B90A00F7C9C0 /* Car.swift in Sources */ = {isa = PBXBuildFile; fileRef = 43DF8DBA1D77B90A00F7C9C0 /* Car.swift */; };
		43DF8DC11D77C52300F7C9C0 /* BasicCar.png in Resources */ = {isa = PBXBuildFile; fileRef = 43DF8DC01D77C52300F7C9C0 /* BasicCar.png */; };
		43FE94E81D750E3500076646 /* AppDelegate.swift in Sources */ = {isa = PBXBuildFile; fileRef = 43FE94E71D750E3500076646 /* AppDelegate.swift */; };
		43FE94EC1D750E3500076646 /* SoccerScene.swift in Sources */ = {isa = PBXBuildFile; fileRef = 43FE94EB1D750E3500076646 /* SoccerScene.swift */; };
		43FE94F11D750E3500076646 /* Main.storyboard in Resources */ = {isa = PBXBuildFile; fileRef = 43FE94EF1D750E3500076646 /* Main.storyboard */; };
		43FE94F31D750E3500076646 /* Assets.xcassets in Resources */ = {isa = PBXBuildFile; fileRef = 43FE94F21D750E3500076646 /* Assets.xcassets */; };
		43FE94F61D750E3500076646 /* LaunchScreen.storyboard in Resources */ = {isa = PBXBuildFile; fileRef = 43FE94F41D750E3500076646 /* LaunchScreen.storyboard */; };
/* End PBXBuildFile section */

/* Begin PBXFileReference section */
		433A0F061D8F3A5200F64CA4 /* Ball.swift */ = {isa = PBXFileReference; fileEncoding = 4; lastKnownFileType = sourcecode.swift; path = Ball.swift; sourceTree = "<group>"; };
		433A0F0F1D8F425400F64CA4 /* ball.png */ = {isa = PBXFileReference; lastKnownFileType = image.png; path = ball.png; sourceTree = "<group>"; };
		43DF8DAD1D76742000F7C9C0 /* SoccerSceneViewController.swift */ = {isa = PBXFileReference; fileEncoding = 4; lastKnownFileType = sourcecode.swift; path = SoccerSceneViewController.swift; sourceTree = "<group>"; };
		43DF8DB31D77996E00F7C9C0 /* MainMenuScene.swift */ = {isa = PBXFileReference; fileEncoding = 4; lastKnownFileType = sourcecode.swift; path = MainMenuScene.swift; sourceTree = "<group>"; };
		43DF8DB61D77ABBC00F7C9C0 /* PhysicalObject.swift */ = {isa = PBXFileReference; fileEncoding = 4; lastKnownFileType = sourcecode.swift; path = PhysicalObject.swift; sourceTree = "<group>"; };
		43DF8DB81D77B0F700F7C9C0 /* PhysicsHandler.swift */ = {isa = PBXFileReference; fileEncoding = 4; lastKnownFileType = sourcecode.swift; path = PhysicsHandler.swift; sourceTree = "<group>"; };
		43DF8DBA1D77B90A00F7C9C0 /* Car.swift */ = {isa = PBXFileReference; fileEncoding = 4; lastKnownFileType = sourcecode.swift; path = Car.swift; sourceTree = "<group>"; };
		43DF8DC01D77C52300F7C9C0 /* BasicCar.png */ = {isa = PBXFileReference; lastKnownFileType = image.png; path = BasicCar.png; sourceTree = "<group>"; };
		43FE94E41D750E3500076646 /* NCSoccer.app */ = {isa = PBXFileReference; explicitFileType = wrapper.application; includeInIndex = 0; path = NCSoccer.app; sourceTree = BUILT_PRODUCTS_DIR; };
		43FE94E71D750E3500076646 /* AppDelegate.swift */ = {isa = PBXFileReference; lastKnownFileType = sourcecode.swift; path = AppDelegate.swift; sourceTree = "<group>"; };
		43FE94EB1D750E3500076646 /* SoccerScene.swift */ = {isa = PBXFileReference; lastKnownFileType = sourcecode.swift; path = SoccerScene.swift; sourceTree = "<group>"; };
		43FE94F01D750E3500076646 /* Base */ = {isa = PBXFileReference; lastKnownFileType = file.storyboard; name = Base; path = Base.lproj/Main.storyboard; sourceTree = "<group>"; };
		43FE94F21D750E3500076646 /* Assets.xcassets */ = {isa = PBXFileReference; lastKnownFileType = folder.assetcatalog; path = Assets.xcassets; sourceTree = "<group>"; };
		43FE94F51D750E3500076646 /* Base */ = {isa = PBXFileReference; lastKnownFileType = file.storyboard; name = Base; path = Base.lproj/LaunchScreen.storyboard; sourceTree = "<group>"; };
		43FE94F71D750E3500076646 /* Info.plist */ = {isa = PBXFileReference; lastKnownFileType = text.plist.xml; path = Info.plist; sourceTree = "<group>"; };
/* End PBXFileReference section */

/* Begin PBXFrameworksBuildPhase section */
		43FE94E11D750E3500076646 /* Frameworks */ = {
			isa = PBXFrameworksBuildPhase;
			buildActionMask = 2147483647;
			files = (
			);
			runOnlyForDeploymentPostprocessing = 0;
		};
/* End PBXFrameworksBuildPhase section */

/* Begin PBXGroup section */
		433A0F081D8F3C6200F64CA4 /* Balls */ = {
			isa = PBXGroup;
			children = (
				433A0F0F1D8F425400F64CA4 /* ball.png */,
			);
			name = Balls;
			sourceTree = "<group>";
		};
		43DF8DBE1D77C52300F7C9C0 /* Resources */ = {
			isa = PBXGroup;
			children = (
				433A0F081D8F3C6200F64CA4 /* Balls */,
				43DF8DBF1D77C52300F7C9C0 /* Cars */,
			);
			path = Resources;
			sourceTree = "<group>";
		};
		43DF8DBF1D77C52300F7C9C0 /* Cars */ = {
			isa = PBXGroup;
			children = (
				43DF8DC01D77C52300F7C9C0 /* BasicCar.png */,
			);
			path = Cars;
			sourceTree = "<group>";
		};
		43FE94DB1D750E3500076646 = {
			isa = PBXGroup;
			children = (
				43FE94E61D750E3500076646 /* NCSoccer */,
				43FE94E51D750E3500076646 /* Products */,
			);
			sourceTree = "<group>";
		};
		43FE94E51D750E3500076646 /* Products */ = {
			isa = PBXGroup;
			children = (
				43FE94E41D750E3500076646 /* NCSoccer.app */,
			);
			name = Products;
			sourceTree = "<group>";
		};
		43FE94E61D750E3500076646 /* NCSoccer */ = {
			isa = PBXGroup;
			children = (
				43DF8DBE1D77C52300F7C9C0 /* Resources */,
				43FE94E71D750E3500076646 /* AppDelegate.swift */,
				43DF8DB31D77996E00F7C9C0 /* MainMenuScene.swift */,
				43FE94EB1D750E3500076646 /* SoccerScene.swift */,
				433A0F061D8F3A5200F64CA4 /* Ball.swift */,
				43DF8DAD1D76742000F7C9C0 /* SoccerSceneViewController.swift */,
				43DF8DB61D77ABBC00F7C9C0 /* PhysicalObject.swift */,
				43DF8DBA1D77B90A00F7C9C0 /* Car.swift */,
				43DF8DB81D77B0F700F7C9C0 /* PhysicsHandler.swift */,
				43FE94EF1D750E3500076646 /* Main.storyboard */,
				43FE94F21D750E3500076646 /* Assets.xcassets */,
				43FE94F41D750E3500076646 /* LaunchScreen.storyboard */,
				43FE94F71D750E3500076646 /* Info.plist */,
			);
			path = NCSoccer;
			sourceTree = "<group>";
		};
/* End PBXGroup section */

/* Begin PBXNativeTarget section */
		43FE94E31D750E3500076646 /* NCSoccer */ = {
			isa = PBXNativeTarget;
			buildConfigurationList = 43FE94FA1D750E3500076646 /* Build configuration list for PBXNativeTarget "NCSoccer" */;
			buildPhases = (
				43FE94E01D750E3500076646 /* Sources */,
				43FE94E11D750E3500076646 /* Frameworks */,
				43FE94E21D750E3500076646 /* Resources */,
			);
			buildRules = (
			);
			dependencies = (
			);
			name = NCSoccer;
			productName = NCSoccer;
			productReference = 43FE94E41D750E3500076646 /* NCSoccer.app */;
			productType = "com.apple.product-type.application";
		};
/* End PBXNativeTarget section */

/* Begin PBXProject section */
		43FE94DC1D750E3500076646 /* Project object */ = {
			isa = PBXProject;
			attributes = {
				LastSwiftUpdateCheck = 0730;
				LastUpgradeCheck = 0800;
				ORGANIZATIONNAME = nathanslager;
				TargetAttributes = {
					43FE94E31D750E3500076646 = {
						CreatedOnToolsVersion = 7.3.1;
						DevelopmentTeam = GF6CNP58Y8;
						LastSwiftMigration = 0800;
					};
				};
			};
			buildConfigurationList = 43FE94DF1D750E3500076646 /* Build configuration list for PBXProject "NCSoccer" */;
			compatibilityVersion = "Xcode 3.2";
			developmentRegion = English;
			hasScannedForEncodings = 0;
			knownRegions = (
				en,
				Base,
			);
			mainGroup = 43FE94DB1D750E3500076646;
			productRefGroup = 43FE94E51D750E3500076646 /* Products */;
			projectDirPath = "";
			projectRoot = "";
			targets = (
				43FE94E31D750E3500076646 /* NCSoccer */,
			);
		};
/* End PBXProject section */

/* Begin PBXResourcesBuildPhase section */
		43FE94E21D750E3500076646 /* Resources */ = {
			isa = PBXResourcesBuildPhase;
			buildActionMask = 2147483647;
			files = (
				43FE94F61D750E3500076646 /* LaunchScreen.storyboard in Resources */,
				433A0F101D8F425400F64CA4 /* ball.png in Resources */,
				43FE94F31D750E3500076646 /* Assets.xcassets in Resources */,
				43FE94F11D750E3500076646 /* Main.storyboard in Resources */,
				43DF8DC11D77C52300F7C9C0 /* BasicCar.png in Resources */,
			);
			runOnlyForDeploymentPostprocessing = 0;
		};
/* End PBXResourcesBuildPhase section */

/* Begin PBXSourcesBuildPhase section */
		43FE94E01D750E3500076646 /* Sources */ = {
			isa = PBXSourcesBuildPhase;
			buildActionMask = 2147483647;
			files = (
				433A0F071D8F3A5200F64CA4 /* Ball.swift in Sources */,
				43FE94EC1D750E3500076646 /* SoccerScene.swift in Sources */,
				43DF8DAE1D76742000F7C9C0 /* SoccerSceneViewController.swift in Sources */,
				43DF8DB91D77B0F700F7C9C0 /* PhysicsHandler.swift in Sources */,
				43DF8DB71D77ABBC00F7C9C0 /* PhysicalObject.swift in Sources */,
				43DF8DB41D77996E00F7C9C0 /* MainMenuScene.swift in Sources */,
				43DF8DBB1D77B90A00F7C9C0 /* Car.swift in Sources */,
				43FE94E81D750E3500076646 /* AppDelegate.swift in Sources */,
			);
			runOnlyForDeploymentPostprocessing = 0;
		};
/* End PBXSourcesBuildPhase section */

/* Begin PBXVariantGroup section */
		43FE94EF1D750E3500076646 /* Main.storyboard */ = {
			isa = PBXVariantGroup;
			children = (
				43FE94F01D750E3500076646 /* Base */,
			);
			name = Main.storyboard;
			sourceTree = "<group>";
		};
		43FE94F41D750E3500076646 /* LaunchScreen.storyboard */ = {
			isa = PBXVariantGroup;
			children = (
				43FE94F51D750E3500076646 /* Base */,
			);
			name = LaunchScreen.storyboard;
			sourceTree = "<group>";
		};
/* End PBXVariantGroup section */

/* Begin XCBuildConfiguration section */
		43FE94F81D750E3500076646 /* Debug */ = {
			isa = XCBuildConfiguration;
			buildSettings = {
				ALWAYS_SEARCH_USER_PATHS = NO;
				CLANG_ANALYZER_NONNULL = YES;
				CLANG_CXX_LANGUAGE_STANDARD = "gnu++0x";
				CLANG_CXX_LIBRARY = "libc++";
				CLANG_ENABLE_MODULES = YES;
				CLANG_ENABLE_OBJC_ARC = YES;
				CLANG_WARN_BOOL_CONVERSION = YES;
				CLANG_WARN_CONSTANT_CONVERSION = YES;
				CLANG_WARN_DIRECT_OBJC_ISA_USAGE = YES_ERROR;
				CLANG_WARN_EMPTY_BODY = YES;
				CLANG_WARN_ENUM_CONVERSION = YES;
				CLANG_WARN_INFINITE_RECURSION = YES;
				CLANG_WARN_INT_CONVERSION = YES;
				CLANG_WARN_OBJC_ROOT_CLASS = YES_ERROR;
				CLANG_WARN_SUSPICIOUS_MOVE = YES;
				CLANG_WARN_UNREACHABLE_CODE = YES;
				CLANG_WARN__DUPLICATE_METHOD_MATCH = YES;
				"CODE_SIGN_IDENTITY[sdk=iphoneos*]" = "iPhone Developer";
				COPY_PHASE_STRIP = NO;
				DEBUG_INFORMATION_FORMAT = "dwarf-with-dsym";
				ENABLE_STRICT_OBJC_MSGSEND = YES;
				ENABLE_TESTABILITY = YES;
				GCC_C_LANGUAGE_STANDARD = gnu99;
				GCC_DYNAMIC_NO_PIC = NO;
				GCC_NO_COMMON_BLOCKS = YES;
				GCC_OPTIMIZATION_LEVEL = 0;
				GCC_PREPROCESSOR_DEFINITIONS = (
					"DEBUG=1",
					"$(inherited)",
				);
				GCC_WARN_64_TO_32_BIT_CONVERSION = YES;
				GCC_WARN_ABOUT_RETURN_TYPE = YES_ERROR;
				GCC_WARN_UNDECLARED_SELECTOR = YES;
				GCC_WARN_UNINITIALIZED_AUTOS = YES_AGGRESSIVE;
				GCC_WARN_UNUSED_FUNCTION = YES;
				GCC_WARN_UNUSED_VARIABLE = YES;
				IPHONEOS_DEPLOYMENT_TARGET = 9.3;
				MTL_ENABLE_DEBUG_INFO = YES;
				ONLY_ACTIVE_ARCH = YES;
				SDKROOT = iphoneos;
				SWIFT_OPTIMIZATION_LEVEL = "-Onone";
				TARGETED_DEVICE_FAMILY = "1,2";
			};
			name = Debug;
		};
		43FE94F91D750E3500076646 /* Release */ = {
			isa = XCBuildConfiguration;
			buildSettings = {
				ALWAYS_SEARCH_USER_PATHS = NO;
				CLANG_ANALYZER_NONNULL = YES;
				CLANG_CXX_LANGUAGE_STANDARD = "gnu++0x";
				CLANG_CXX_LIBRARY = "libc++";
				CLANG_ENABLE_MODULES = YES;
				CLANG_ENABLE_OBJC_ARC = YES;
				CLANG_WARN_BOOL_CONVERSION = YES;
				CLANG_WARN_CONSTANT_CONVERSION = YES;
				CLANG_WARN_DIRECT_OBJC_ISA_USAGE = YES_ERROR;
				CLANG_WARN_EMPTY_BODY = YES;
				CLANG_WARN_ENUM_CONVERSION = YES;
				CLANG_WARN_INFINITE_RECURSION = YES;
				CLANG_WARN_INT_CONVERSION = YES;
				CLANG_WARN_OBJC_ROOT_CLASS = YES_ERROR;
				CLANG_WARN_SUSPICIOUS_MOVE = YES;
				CLANG_WARN_UNREACHABLE_CODE = YES;
				CLANG_WARN__DUPLICATE_METHOD_MATCH = YES;
				"CODE_SIGN_IDENTITY[sdk=iphoneos*]" = "iPhone Developer";
				COPY_PHASE_STRIP = NO;
				DEBUG_INFORMATION_FORMAT = "dwarf-with-dsym";
				ENABLE_NS_ASSERTIONS = NO;
				ENABLE_STRICT_OBJC_MSGSEND = YES;
				GCC_C_LANGUAGE_STANDARD = gnu99;
				GCC_NO_COMMON_BLOCKS = YES;
				GCC_WARN_64_TO_32_BIT_CONVERSION = YES;
				GCC_WARN_ABOUT_RETURN_TYPE = YES_ERROR;
				GCC_WARN_UNDECLARED_SELECTOR = YES;
				GCC_WARN_UNINITIALIZED_AUTOS = YES_AGGRESSIVE;
				GCC_WARN_UNUSED_FUNCTION = YES;
				GCC_WARN_UNUSED_VARIABLE = YES;
				IPHONEOS_DEPLOYMENT_TARGET = 9.3;
				MTL_ENABLE_DEBUG_INFO = NO;
				SDKROOT = iphoneos;
				SWIFT_OPTIMIZATION_LEVEL = "-Owholemodule";
				TARGETED_DEVICE_FAMILY = "1,2";
				VALIDATE_PRODUCT = YES;
			};
			name = Release;
		};
		43FE94FB1D750E3500076646 /* Debug */ = {
			isa = XCBuildConfiguration;
			buildSettings = {
				ASSETCATALOG_COMPILER_APPICON_NAME = AppIcon;
				CODE_SIGN_IDENTITY = "iPhone Developer";
				INFOPLIST_FILE = NCSoccer/Info.plist;
				IPHONEOS_DEPLOYMENT_TARGET = 8.0;
				LD_RUNPATH_SEARCH_PATHS = "$(inherited) @executable_path/Frameworks";
				PRODUCT_BUNDLE_IDENTIFIER = nathanslager.NCSoccer;
				PRODUCT_NAME = "$(TARGET_NAME)";
				SWIFT_VERSION = 3.0;
			};
			name = Debug;
		};
		43FE94FC1D750E3500076646 /* Release */ = {
			isa = XCBuildConfiguration;
			buildSettings = {
				ASSETCATALOG_COMPILER_APPICON_NAME = AppIcon;
				CODE_SIGN_IDENTITY = "iPhone Developer";
				INFOPLIST_FILE = NCSoccer/Info.plist;
				IPHONEOS_DEPLOYMENT_TARGET = 8.0;
				LD_RUNPATH_SEARCH_PATHS = "$(inherited) @executable_path/Frameworks";
				PRODUCT_BUNDLE_IDENTIFIER = nathanslager.NCSoccer;
				PRODUCT_NAME = "$(TARGET_NAME)";
				SWIFT_VERSION = 3.0;
			};
			name = Release;
		};
/* End XCBuildConfiguration section */

/* Begin XCConfigurationList section */
		43FE94DF1D750E3500076646 /* Build configuration list for PBXProject "NCSoccer" */ = {
			isa = XCConfigurationList;
			buildConfigurations = (
				43FE94F81D750E3500076646 /* Debug */,
				43FE94F91D750E3500076646 /* Release */,
			);
			defaultConfigurationIsVisible = 0;
			defaultConfigurationName = Release;
		};
		43FE94FA1D750E3500076646 /* Build configuration list for PBXNativeTarget "NCSoccer" */ = {
			isa = XCConfigurationList;
			buildConfigurations = (
				43FE94FB1D750E3500076646 /* Debug */,
				43FE94FC1D750E3500076646 /* Release */,
			);
			defaultConfigurationIsVisible = 0;
			defaultConfigurationName = Release;
		};
/* End XCConfigurationList section */
	};
	rootObject = 43FE94DC1D750E3500076646 /* Project object */;
}
